// !$*UTF8*$!
{
	archiveVersion = 1;
	classes = {
	};
	objectVersion = 46;
	objects = {

/* Begin PBXBuildFile section */
		324CE53E1AB46B3C000013FC /* main.m in Sources */ = {isa = PBXBuildFile; fileRef = 324CE53D1AB46B3C000013FC /* main.m */; };
		324CE5411AB46B3C000013FC /* AppDelegate.m in Sources */ = {isa = PBXBuildFile; fileRef = 324CE5401AB46B3C000013FC /* AppDelegate.m */; };
		324CE5441AB46B3C000013FC /* FirstViewController.m in Sources */ = {isa = PBXBuildFile; fileRef = 324CE5431AB46B3C000013FC /* FirstViewController.m */; };
		324CE5471AB46B3C000013FC /* SecondViewController.m in Sources */ = {isa = PBXBuildFile; fileRef = 324CE5461AB46B3C000013FC /* SecondViewController.m */; };
		324CE54A1AB46B3C000013FC /* Main.storyboard in Resources */ = {isa = PBXBuildFile; fileRef = 324CE5481AB46B3C000013FC /* Main.storyboard */; };
		324CE54C1AB46B3C000013FC /* Images.xcassets in Resources */ = {isa = PBXBuildFile; fileRef = 324CE54B1AB46B3C000013FC /* Images.xcassets */; };
		324CE54F1AB46B3C000013FC /* LaunchScreen.xib in Resources */ = {isa = PBXBuildFile; fileRef = 324CE54D1AB46B3C000013FC /* LaunchScreen.xib */; };
		324CE55B1AB46B3C000013FC /* pinpintongTests.m in Sources */ = {isa = PBXBuildFile; fileRef = 324CE55A1AB46B3C000013FC /* pinpintongTests.m */; };
		324CE5671AB46E78000013FC /* AFNetworkTool.m in Sources */ = {isa = PBXBuildFile; fileRef = 324CE5661AB46E78000013FC /* AFNetworkTool.m */; };
		324CE57C1AB46E8B000013FC /* AFHTTPRequestOperation.m in Sources */ = {isa = PBXBuildFile; fileRef = 324CE56A1AB46E8B000013FC /* AFHTTPRequestOperation.m */; };
		324CE57D1AB46E8B000013FC /* AFHTTPRequestOperationManager.m in Sources */ = {isa = PBXBuildFile; fileRef = 324CE56C1AB46E8B000013FC /* AFHTTPRequestOperationManager.m */; };
		324CE57E1AB46E8B000013FC /* AFHTTPSessionManager.m in Sources */ = {isa = PBXBuildFile; fileRef = 324CE56E1AB46E8B000013FC /* AFHTTPSessionManager.m */; };
		324CE57F1AB46E8B000013FC /* AFNetworkReachabilityManager.m in Sources */ = {isa = PBXBuildFile; fileRef = 324CE5711AB46E8B000013FC /* AFNetworkReachabilityManager.m */; };
		324CE5801AB46E8B000013FC /* AFSecurityPolicy.m in Sources */ = {isa = PBXBuildFile; fileRef = 324CE5731AB46E8B000013FC /* AFSecurityPolicy.m */; };
		324CE5811AB46E8B000013FC /* AFURLConnectionOperation.m in Sources */ = {isa = PBXBuildFile; fileRef = 324CE5751AB46E8B000013FC /* AFURLConnectionOperation.m */; };
		324CE5821AB46E8B000013FC /* AFURLRequestSerialization.m in Sources */ = {isa = PBXBuildFile; fileRef = 324CE5771AB46E8B000013FC /* AFURLRequestSerialization.m */; };
		324CE5831AB46E8B000013FC /* AFURLResponseSerialization.m in Sources */ = {isa = PBXBuildFile; fileRef = 324CE5791AB46E8B000013FC /* AFURLResponseSerialization.m */; };
		324CE5841AB46E8B000013FC /* AFURLSessionManager.m in Sources */ = {isa = PBXBuildFile; fileRef = 324CE57B1AB46E8B000013FC /* AFURLSessionManager.m */; };
/* End PBXBuildFile section */

/* Begin PBXContainerItemProxy section */
		324CE5551AB46B3C000013FC /* PBXContainerItemProxy */ = {
			isa = PBXContainerItemProxy;
			containerPortal = 324CE5301AB46B3C000013FC /* Project object */;
			proxyType = 1;
			remoteGlobalIDString = 324CE5371AB46B3C000013FC;
			remoteInfo = pinpintong;
		};
/* End PBXContainerItemProxy section */

/* Begin PBXFileReference section */
		324CE5381AB46B3C000013FC /* pinpintong.app */ = {isa = PBXFileReference; explicitFileType = wrapper.application; includeInIndex = 0; path = pinpintong.app; sourceTree = BUILT_PRODUCTS_DIR; };
		324CE53C1AB46B3C000013FC /* Info.plist */ = {isa = PBXFileReference; lastKnownFileType = text.plist.xml; path = Info.plist; sourceTree = "<group>"; };
		324CE53D1AB46B3C000013FC /* main.m */ = {isa = PBXFileReference; lastKnownFileType = sourcecode.c.objc; path = main.m; sourceTree = "<group>"; };
		324CE53F1AB46B3C000013FC /* AppDelegate.h */ = {isa = PBXFileReference; lastKnownFileType = sourcecode.c.h; path = AppDelegate.h; sourceTree = "<group>"; };
		324CE5401AB46B3C000013FC /* AppDelegate.m */ = {isa = PBXFileReference; lastKnownFileType = sourcecode.c.objc; path = AppDelegate.m; sourceTree = "<group>"; };
		324CE5421AB46B3C000013FC /* FirstViewController.h */ = {isa = PBXFileReference; lastKnownFileType = sourcecode.c.h; path = FirstViewController.h; sourceTree = "<group>"; };
		324CE5431AB46B3C000013FC /* FirstViewController.m */ = {isa = PBXFileReference; lastKnownFileType = sourcecode.c.objc; path = FirstViewController.m; sourceTree = "<group>"; };
		324CE5451AB46B3C000013FC /* SecondViewController.h */ = {isa = PBXFileReference; lastKnownFileType = sourcecode.c.h; path = SecondViewController.h; sourceTree = "<group>"; };
		324CE5461AB46B3C000013FC /* SecondViewController.m */ = {isa = PBXFileReference; lastKnownFileType = sourcecode.c.objc; path = SecondViewController.m; sourceTree = "<group>"; };
		324CE5491AB46B3C000013FC /* Base */ = {isa = PBXFileReference; lastKnownFileType = file.storyboard; name = Base; path = Base.lproj/Main.storyboard; sourceTree = "<group>"; };
		324CE54B1AB46B3C000013FC /* Images.xcassets */ = {isa = PBXFileReference; lastKnownFileType = folder.assetcatalog; path = Images.xcassets; sourceTree = "<group>"; };
		324CE54E1AB46B3C000013FC /* Base */ = {isa = PBXFileReference; lastKnownFileType = file.xib; name = Base; path = Base.lproj/LaunchScreen.xib; sourceTree = "<group>"; };
		324CE5541AB46B3C000013FC /* pinpintongTests.xctest */ = {isa = PBXFileReference; explicitFileType = wrapper.cfbundle; includeInIndex = 0; path = pinpintongTests.xctest; sourceTree = BUILT_PRODUCTS_DIR; };
		324CE5591AB46B3C000013FC /* Info.plist */ = {isa = PBXFileReference; lastKnownFileType = text.plist.xml; path = Info.plist; sourceTree = "<group>"; };
		324CE55A1AB46B3C000013FC /* pinpintongTests.m */ = {isa = PBXFileReference; lastKnownFileType = sourcecode.c.objc; path = pinpintongTests.m; sourceTree = "<group>"; };
		324CE5651AB46E78000013FC /* AFNetworkTool.h */ = {isa = PBXFileReference; fileEncoding = 4; lastKnownFileType = sourcecode.c.h; path = AFNetworkTool.h; sourceTree = "<group>"; };
		324CE5661AB46E78000013FC /* AFNetworkTool.m */ = {isa = PBXFileReference; fileEncoding = 4; lastKnownFileType = sourcecode.c.objc; path = AFNetworkTool.m; sourceTree = "<group>"; };
		324CE5691AB46E8B000013FC /* AFHTTPRequestOperation.h */ = {isa = PBXFileReference; fileEncoding = 4; lastKnownFileType = sourcecode.c.h; path = AFHTTPRequestOperation.h; sourceTree = "<group>"; };
		324CE56A1AB46E8B000013FC /* AFHTTPRequestOperation.m */ = {isa = PBXFileReference; fileEncoding = 4; lastKnownFileType = sourcecode.c.objc; path = AFHTTPRequestOperation.m; sourceTree = "<group>"; };
		324CE56B1AB46E8B000013FC /* AFHTTPRequestOperationManager.h */ = {isa = PBXFileReference; fileEncoding = 4; lastKnownFileType = sourcecode.c.h; path = AFHTTPRequestOperationManager.h; sourceTree = "<group>"; };
		324CE56C1AB46E8B000013FC /* AFHTTPRequestOperationManager.m */ = {isa = PBXFileReference; fileEncoding = 4; lastKnownFileType = sourcecode.c.objc; path = AFHTTPRequestOperationManager.m; sourceTree = "<group>"; };
		324CE56D1AB46E8B000013FC /* AFHTTPSessionManager.h */ = {isa = PBXFileReference; fileEncoding = 4; lastKnownFileType = sourcecode.c.h; path = AFHTTPSessionManager.h; sourceTree = "<group>"; };
		324CE56E1AB46E8B000013FC /* AFHTTPSessionManager.m */ = {isa = PBXFileReference; fileEncoding = 4; lastKnownFileType = sourcecode.c.objc; path = AFHTTPSessionManager.m; sourceTree = "<group>"; };
		324CE56F1AB46E8B000013FC /* AFNetworking.h */ = {isa = PBXFileReference; fileEncoding = 4; lastKnownFileType = sourcecode.c.h; path = AFNetworking.h; sourceTree = "<group>"; };
		324CE5701AB46E8B000013FC /* AFNetworkReachabilityManager.h */ = {isa = PBXFileReference; fileEncoding = 4; lastKnownFileType = sourcecode.c.h; path = AFNetworkReachabilityManager.h; sourceTree = "<group>"; };
		324CE5711AB46E8B000013FC /* AFNetworkReachabilityManager.m */ = {isa = PBXFileReference; fileEncoding = 4; lastKnownFileType = sourcecode.c.objc; path = AFNetworkReachabilityManager.m; sourceTree = "<group>"; };
		324CE5721AB46E8B000013FC /* AFSecurityPolicy.h */ = {isa = PBXFileReference; fileEncoding = 4; lastKnownFileType = sourcecode.c.h; path = AFSecurityPolicy.h; sourceTree = "<group>"; };
		324CE5731AB46E8B000013FC /* AFSecurityPolicy.m */ = {isa = PBXFileReference; fileEncoding = 4; lastKnownFileType = sourcecode.c.objc; path = AFSecurityPolicy.m; sourceTree = "<group>"; };
		324CE5741AB46E8B000013FC /* AFURLConnectionOperation.h */ = {isa = PBXFileReference; fileEncoding = 4; lastKnownFileType = sourcecode.c.h; path = AFURLConnectionOperation.h; sourceTree = "<group>"; };
		324CE5751AB46E8B000013FC /* AFURLConnectionOperation.m */ = {isa = PBXFileReference; fileEncoding = 4; lastKnownFileType = sourcecode.c.objc; path = AFURLConnectionOperation.m; sourceTree = "<group>"; };
		324CE5761AB46E8B000013FC /* AFURLRequestSerialization.h */ = {isa = PBXFileReference; fileEncoding = 4; lastKnownFileType = sourcecode.c.h; path = AFURLRequestSerialization.h; sourceTree = "<group>"; };
		324CE5771AB46E8B000013FC /* AFURLRequestSerialization.m */ = {isa = PBXFileReference; fileEncoding = 4; lastKnownFileType = sourcecode.c.objc; path = AFURLRequestSerialization.m; sourceTree = "<group>"; };
		324CE5781AB46E8B000013FC /* AFURLResponseSerialization.h */ = {isa = PBXFileReference; fileEncoding = 4; lastKnownFileType = sourcecode.c.h; path = AFURLResponseSerialization.h; sourceTree = "<group>"; };
		324CE5791AB46E8B000013FC /* AFURLResponseSerialization.m */ = {isa = PBXFileReference; fileEncoding = 4; lastKnownFileType = sourcecode.c.objc; path = AFURLResponseSerialization.m; sourceTree = "<group>"; };
		324CE57A1AB46E8B000013FC /* AFURLSessionManager.h */ = {isa = PBXFileReference; fileEncoding = 4; lastKnownFileType = sourcecode.c.h; path = AFURLSessionManager.h; sourceTree = "<group>"; };
		324CE57B1AB46E8B000013FC /* AFURLSessionManager.m */ = {isa = PBXFileReference; fileEncoding = 4; lastKnownFileType = sourcecode.c.objc; path = AFURLSessionManager.m; sourceTree = "<group>"; };
/* End PBXFileReference section */

/* Begin PBXFrameworksBuildPhase section */
		324CE5351AB46B3C000013FC /* Frameworks */ = {
			isa = PBXFrameworksBuildPhase;
			buildActionMask = 2147483647;
			files = (
			);
			runOnlyForDeploymentPostprocessing = 0;
		};
		324CE5511AB46B3C000013FC /* Frameworks */ = {
			isa = PBXFrameworksBuildPhase;
			buildActionMask = 2147483647;
			files = (
			);
			runOnlyForDeploymentPostprocessing = 0;
		};
/* End PBXFrameworksBuildPhase section */

/* Begin PBXGroup section */
		324CE52F1AB46B3C000013FC = {
			isa = PBXGroup;
			children = (
				324CE53A1AB46B3C000013FC /* pinpintong */,
				324CE5571AB46B3C000013FC /* pinpintongTests */,
				324CE5391AB46B3C000013FC /* Products */,
			);
			sourceTree = "<group>";
		};
		324CE5391AB46B3C000013FC /* Products */ = {
			isa = PBXGroup;
			children = (
				324CE5381AB46B3C000013FC /* pinpintong.app */,
				324CE5541AB46B3C000013FC /* pinpintongTests.xctest */,
			);
			name = Products;
			sourceTree = "<group>";
		};
		324CE53A1AB46B3C000013FC /* pinpintong */ = {
			isa = PBXGroup;
			children = (
				324CE5681AB46E8B000013FC /* AFNetworking */,
				324CE5641AB46E78000013FC /* tool */,
				324CE53F1AB46B3C000013FC /* AppDelegate.h */,
				324CE5401AB46B3C000013FC /* AppDelegate.m */,
				324CE5421AB46B3C000013FC /* FirstViewController.h */,
				324CE5431AB46B3C000013FC /* FirstViewController.m */,
				324CE5451AB46B3C000013FC /* SecondViewController.h */,
				324CE5461AB46B3C000013FC /* SecondViewController.m */,
				324CE5481AB46B3C000013FC /* Main.storyboard */,
				324CE54B1AB46B3C000013FC /* Images.xcassets */,
				324CE54D1AB46B3C000013FC /* LaunchScreen.xib */,
				324CE53B1AB46B3C000013FC /* Supporting Files */,
			);
			path = pinpintong;
			sourceTree = "<group>";
		};
		324CE53B1AB46B3C000013FC /* Supporting Files */ = {
			isa = PBXGroup;
			children = (
				324CE53C1AB46B3C000013FC /* Info.plist */,
				324CE53D1AB46B3C000013FC /* main.m */,
			);
			name = "Supporting Files";
			sourceTree = "<group>";
		};
		324CE5571AB46B3C000013FC /* pinpintongTests */ = {
			isa = PBXGroup;
			children = (
				324CE55A1AB46B3C000013FC /* pinpintongTests.m */,
				324CE5581AB46B3C000013FC /* Supporting Files */,
			);
			path = pinpintongTests;
			sourceTree = "<group>";
		};
		324CE5581AB46B3C000013FC /* Supporting Files */ = {
			isa = PBXGroup;
			children = (
				324CE5591AB46B3C000013FC /* Info.plist */,
			);
			name = "Supporting Files";
			sourceTree = "<group>";
		};
		324CE5641AB46E78000013FC /* tool */ = {
			isa = PBXGroup;
			children = (
				324CE5651AB46E78000013FC /* AFNetworkTool.h */,
				324CE5661AB46E78000013FC /* AFNetworkTool.m */,
			);
			path = tool;
			sourceTree = "<group>";
		};
		324CE5681AB46E8B000013FC /* AFNetworking */ = {
			isa = PBXGroup;
			children = (
				324CE5691AB46E8B000013FC /* AFHTTPRequestOperation.h */,
				324CE56A1AB46E8B000013FC /* AFHTTPRequestOperation.m */,
				324CE56B1AB46E8B000013FC /* AFHTTPRequestOperationManager.h */,
				324CE56C1AB46E8B000013FC /* AFHTTPRequestOperationManager.m */,
				324CE56D1AB46E8B000013FC /* AFHTTPSessionManager.h */,
				324CE56E1AB46E8B000013FC /* AFHTTPSessionManager.m */,
				324CE56F1AB46E8B000013FC /* AFNetworking.h */,
				324CE5701AB46E8B000013FC /* AFNetworkReachabilityManager.h */,
				324CE5711AB46E8B000013FC /* AFNetworkReachabilityManager.m */,
				324CE5721AB46E8B000013FC /* AFSecurityPolicy.h */,
				324CE5731AB46E8B000013FC /* AFSecurityPolicy.m */,
				324CE5741AB46E8B000013FC /* AFURLConnectionOperation.h */,
				324CE5751AB46E8B000013FC /* AFURLConnectionOperation.m */,
				324CE5761AB46E8B000013FC /* AFURLRequestSerialization.h */,
				324CE5771AB46E8B000013FC /* AFURLRequestSerialization.m */,
				324CE5781AB46E8B000013FC /* AFURLResponseSerialization.h */,
				324CE5791AB46E8B000013FC /* AFURLResponseSerialization.m */,
				324CE57A1AB46E8B000013FC /* AFURLSessionManager.h */,
				324CE57B1AB46E8B000013FC /* AFURLSessionManager.m */,
			);
			path = AFNetworking;
			sourceTree = "<group>";
		};
/* End PBXGroup section */

/* Begin PBXNativeTarget section */
		324CE5371AB46B3C000013FC /* pinpintong */ = {
			isa = PBXNativeTarget;
			buildConfigurationList = 324CE55E1AB46B3C000013FC /* Build configuration list for PBXNativeTarget "pinpintong" */;
			buildPhases = (
				324CE5341AB46B3C000013FC /* Sources */,
				324CE5351AB46B3C000013FC /* Frameworks */,
				324CE5361AB46B3C000013FC /* Resources */,
			);
			buildRules = (
			);
			dependencies = (
			);
			name = pinpintong;
			productName = pinpintong;
			productReference = 324CE5381AB46B3C000013FC /* pinpintong.app */;
			productType = "com.apple.product-type.application";
		};
		324CE5531AB46B3C000013FC /* pinpintongTests */ = {
			isa = PBXNativeTarget;
			buildConfigurationList = 324CE5611AB46B3C000013FC /* Build configuration list for PBXNativeTarget "pinpintongTests" */;
			buildPhases = (
				324CE5501AB46B3C000013FC /* Sources */,
				324CE5511AB46B3C000013FC /* Frameworks */,
				324CE5521AB46B3C000013FC /* Resources */,
			);
			buildRules = (
			);
			dependencies = (
				324CE5561AB46B3C000013FC /* PBXTargetDependency */,
			);
			name = pinpintongTests;
			productName = pinpintongTests;
			productReference = 324CE5541AB46B3C000013FC /* pinpintongTests.xctest */;
			productType = "com.apple.product-type.bundle.unit-test";
		};
/* End PBXNativeTarget section */

/* Begin PBXProject section */
		324CE5301AB46B3C000013FC /* Project object */ = {
			isa = PBXProject;
			attributes = {
				LastUpgradeCheck = 0610;
				ORGANIZATIONNAME = "shanghai baiwei network technology";
				TargetAttributes = {
					324CE5371AB46B3C000013FC = {
						CreatedOnToolsVersion = 6.1.1;
					};
					324CE5531AB46B3C000013FC = {
						CreatedOnToolsVersion = 6.1.1;
						TestTargetID = 324CE5371AB46B3C000013FC;
					};
				};
			};
			buildConfigurationList = 324CE5331AB46B3C000013FC /* Build configuration list for PBXProject "pinpintong" */;
			compatibilityVersion = "Xcode 3.2";
			developmentRegion = English;
			hasScannedForEncodings = 0;
			knownRegions = (
				en,
				Base,
			);
			mainGroup = 324CE52F1AB46B3C000013FC;
			productRefGroup = 324CE5391AB46B3C000013FC /* Products */;
			projectDirPath = "";
			projectRoot = "";
			targets = (
				324CE5371AB46B3C000013FC /* pinpintong */,
				324CE5531AB46B3C000013FC /* pinpintongTests */,
			);
		};
/* End PBXProject section */

/* Begin PBXResourcesBuildPhase section */
		324CE5361AB46B3C000013FC /* Resources */ = {
			isa = PBXResourcesBuildPhase;
			buildActionMask = 2147483647;
			files = (
				324CE54A1AB46B3C000013FC /* Main.storyboard in Resources */,
				324CE54F1AB46B3C000013FC /* LaunchScreen.xib in Resources */,
				324CE54C1AB46B3C000013FC /* Images.xcassets in Resources */,
			);
			runOnlyForDeploymentPostprocessing = 0;
		};
		324CE5521AB46B3C000013FC /* Resources */ = {
			isa = PBXResourcesBuildPhase;
			buildActionMask = 2147483647;
			files = (
			);
			runOnlyForDeploymentPostprocessing = 0;
		};
/* End PBXResourcesBuildPhase section */

/* Begin PBXSourcesBuildPhase section */
		324CE5341AB46B3C000013FC /* Sources */ = {
			isa = PBXSourcesBuildPhase;
			buildActionMask = 2147483647;
			files = (
				324CE5811AB46E8B000013FC /* AFURLConnectionOperation.m in Sources */,
				324CE57C1AB46E8B000013FC /* AFHTTPRequestOperation.m in Sources */,
				324CE57F1AB46E8B000013FC /* AFNetworkReachabilityManager.m in Sources */,
				324CE5841AB46E8B000013FC /* AFURLSessionManager.m in Sources */,
				324CE5821AB46E8B000013FC /* AFURLRequestSerialization.m in Sources */,
				324CE5471AB46B3C000013FC /* SecondViewController.m in Sources */,
				324CE5831AB46E8B000013FC /* AFURLResponseSerialization.m in Sources */,
				324CE5411AB46B3C000013FC /* AppDelegate.m in Sources */,
				324CE5441AB46B3C000013FC /* FirstViewController.m in Sources */,
				324CE57D1AB46E8B000013FC /* AFHTTPRequestOperationManager.m in Sources */,
				324CE5801AB46E8B000013FC /* AFSecurityPolicy.m in Sources */,
				324CE5671AB46E78000013FC /* AFNetworkTool.m in Sources */,
				324CE53E1AB46B3C000013FC /* main.m in Sources */,
				324CE57E1AB46E8B000013FC /* AFHTTPSessionManager.m in Sources */,
			);
			runOnlyForDeploymentPostprocessing = 0;
		};
		324CE5501AB46B3C000013FC /* Sources */ = {
			isa = PBXSourcesBuildPhase;
			buildActionMask = 2147483647;
			files = (
				324CE55B1AB46B3C000013FC /* pinpintongTests.m in Sources */,
			);
			runOnlyForDeploymentPostprocessing = 0;
		};
/* End PBXSourcesBuildPhase section */

/* Begin PBXTargetDependency section */
		324CE5561AB46B3C000013FC /* PBXTargetDependency */ = {
			isa = PBXTargetDependency;
			target = 324CE5371AB46B3C000013FC /* pinpintong */;
			targetProxy = 324CE5551AB46B3C000013FC /* PBXContainerItemProxy */;
		};
/* End PBXTargetDependency section */

/* Begin PBXVariantGroup section */
		324CE5481AB46B3C000013FC /* Main.storyboard */ = {
			isa = PBXVariantGroup;
			children = (
				324CE5491AB46B3C000013FC /* Base */,
			);
			name = Main.storyboard;
			sourceTree = "<group>";
		};
		324CE54D1AB46B3C000013FC /* LaunchScreen.xib */ = {
			isa = PBXVariantGroup;
			children = (
				324CE54E1AB46B3C000013FC /* Base */,
			);
			name = LaunchScreen.xib;
			sourceTree = "<group>";
		};
/* End PBXVariantGroup section */

/* Begin XCBuildConfiguration section */
		324CE55C1AB46B3C000013FC /* Debug */ = {
			isa = XCBuildConfiguration;
			buildSettings = {
				ALWAYS_SEARCH_USER_PATHS = NO;
				CLANG_CXX_LANGUAGE_STANDARD = "gnu++0x";
				CLANG_CXX_LIBRARY = "libc++";
				CLANG_ENABLE_MODULES = YES;
				CLANG_ENABLE_OBJC_ARC = YES;
				CLANG_WARN_BOOL_CONVERSION = YES;
				CLANG_WARN_CONSTANT_CONVERSION = YES;
				CLANG_WARN_DIRECT_OBJC_ISA_USAGE = YES_ERROR;
				CLANG_WARN_EMPTY_BODY = YES;
				CLANG_WARN_ENUM_CONVERSION = YES;
				CLANG_WARN_INT_CONVERSION = YES;
				CLANG_WARN_OBJC_ROOT_CLASS = YES_ERROR;
				CLANG_WARN_UNREACHABLE_CODE = YES;
				CLANG_WARN__DUPLICATE_METHOD_MATCH = YES;
				"CODE_SIGN_IDENTITY[sdk=iphoneos*]" = "iPhone Developer";
				COPY_PHASE_STRIP = NO;
				ENABLE_STRICT_OBJC_MSGSEND = YES;
				GCC_C_LANGUAGE_STANDARD = gnu99;
				GCC_DYNAMIC_NO_PIC = NO;
				GCC_OPTIMIZATION_LEVEL = 0;
				GCC_PREPROCESSOR_DEFINITIONS = (
					"DEBUG=1",
					"$(inherited)",
				);
				GCC_SYMBOLS_PRIVATE_EXTERN = NO;
				GCC_WARN_64_TO_32_BIT_CONVERSION = YES;
				GCC_WARN_ABOUT_RETURN_TYPE = YES_ERROR;
				GCC_WARN_UNDECLARED_SELECTOR = YES;
				GCC_WARN_UNINITIALIZED_AUTOS = YES_AGGRESSIVE;
				GCC_WARN_UNUSED_FUNCTION = YES;
				GCC_WARN_UNUSED_VARIABLE = YES;
				IPHONEOS_DEPLOYMENT_TARGET = 8.1;
				MTL_ENABLE_DEBUG_INFO = YES;
				ONLY_ACTIVE_ARCH = YES;
				SDKROOT = iphoneos;
			};
			name = Debug;
		};
		324CE55D1AB46B3C000013FC /* Release */ = {
			isa = XCBuildConfiguration;
			buildSettings = {
				ALWAYS_SEARCH_USER_PATHS = NO;
				CLANG_CXX_LANGUAGE_STANDARD = "gnu++0x";
				CLANG_CXX_LIBRARY = "libc++";
				CLANG_ENABLE_MODULES = YES;
				CLANG_ENABLE_OBJC_ARC = YES;
				CLANG_WARN_BOOL_CONVERSION = YES;
				CLANG_WARN_CONSTANT_CONVERSION = YES;
				CLANG_WARN_DIRECT_OBJC_ISA_USAGE = YES_ERROR;
				CLANG_WARN_EMPTY_BODY = YES;
				CLANG_WARN_ENUM_CONVERSION = YES;
				CLANG_WARN_INT_CONVERSION = YES;
				CLANG_WARN_OBJC_ROOT_CLASS = YES_ERROR;
				CLANG_WARN_UNREACHABLE_CODE = YES;
				CLANG_WARN__DUPLICATE_METHOD_MATCH = YES;
				"CODE_SIGN_IDENTITY[sdk=iphoneos*]" = "iPhone Developer";
				COPY_PHASE_STRIP = YES;
				ENABLE_NS_ASSERTIONS = NO;
				ENABLE_STRICT_OBJC_MSGSEND = YES;
				GCC_C_LANGUAGE_STANDARD = gnu99;
				GCC_WARN_64_TO_32_BIT_CONVERSION = YES;
				GCC_WARN_ABOUT_RETURN_TYPE = YES_ERROR;
				GCC_WARN_UNDECLARED_SELECTOR = YES;
				GCC_WARN_UNINITIALIZED_AUTOS = YES_AGGRESSIVE;
				GCC_WARN_UNUSED_FUNCTION = YES;
				GCC_WARN_UNUSED_VARIABLE = YES;
				IPHONEOS_DEPLOYMENT_TARGET = 8.1;
				MTL_ENABLE_DEBUG_INFO = NO;
				SDKROOT = iphoneos;
				VALIDATE_PRODUCT = YES;
			};
			name = Release;
		};
		324CE55F1AB46B3C000013FC /* Debug */ = {
			isa = XCBuildConfiguration;
			buildSettings = {
				ASSETCATALOG_COMPILER_APPICON_NAME = AppIcon;
				INFOPLIST_FILE = pinpintong/Info.plist;
				LD_RUNPATH_SEARCH_PATHS = "$(inherited) @executable_path/Frameworks";
				PRODUCT_NAME = "$(TARGET_NAME)";
			};
			name = Debug;
		};
		324CE5601AB46B3C000013FC /* Release */ = {
			isa = XCBuildConfiguration;
			buildSettings = {
				ASSETCATALOG_COMPILER_APPICON_NAME = AppIcon;
				INFOPLIST_FILE = pinpintong/Info.plist;
				LD_RUNPATH_SEARCH_PATHS = "$(inherited) @executable_path/Frameworks";
				PRODUCT_NAME = "$(TARGET_NAME)";
			};
			name = Release;
		};
		324CE5621AB46B3C000013FC /* Debug */ = {
			isa = XCBuildConfiguration;
			buildSettings = {
				BUNDLE_LOADER = "$(TEST_HOST)";
				FRAMEWORK_SEARCH_PATHS = (
					"$(SDKROOT)/Developer/Library/Frameworks",
					"$(inherited)",
				);
				GCC_PREPROCESSOR_DEFINITIONS = (
					"DEBUG=1",
					"$(inherited)",
				);
				INFOPLIST_FILE = pinpintongTests/Info.plist;
				LD_RUNPATH_SEARCH_PATHS = "$(inherited) @executable_path/Frameworks @loader_path/Frameworks";
				PRODUCT_NAME = "$(TARGET_NAME)";
				TEST_HOST = "$(BUILT_PRODUCTS_DIR)/pinpintong.app/pinpintong";
			};
			name = Debug;
		};
		324CE5631AB46B3C000013FC /* Release */ = {
			isa = XCBuildConfiguration;
			buildSettings = {
				BUNDLE_LOADER = "$(TEST_HOST)";
				FRAMEWORK_SEARCH_PATHS = (
					"$(SDKROOT)/Developer/Library/Frameworks",
					"$(inherited)",
				);
				INFOPLIST_FILE = pinpintongTests/Info.plist;
				LD_RUNPATH_SEARCH_PATHS = "$(inherited) @executable_path/Frameworks @loader_path/Frameworks";
				PRODUCT_NAME = "$(TARGET_NAME)";
				TEST_HOST = "$(BUILT_PRODUCTS_DIR)/pinpintong.app/pinpintong";
			};
			name = Release;
		};
/* End XCBuildConfiguration section */

/* Begin XCConfigurationList section */
		324CE5331AB46B3C000013FC /* Build configuration list for PBXProject "pinpintong" */ = {
			isa = XCConfigurationList;
			buildConfigurations = (
				324CE55C1AB46B3C000013FC /* Debug */,
				324CE55D1AB46B3C000013FC /* Release */,
			);
			defaultConfigurationIsVisible = 0;
			defaultConfigurationName = Release;
		};
		324CE55E1AB46B3C000013FC /* Build configuration list for PBXNativeTarget "pinpintong" */ = {
			isa = XCConfigurationList;
			buildConfigurations = (
				324CE55F1AB46B3C000013FC /* Debug */,
				324CE5601AB46B3C000013FC /* Release */,
			);
			defaultConfigurationIsVisible = 0;
		};
		324CE5611AB46B3C000013FC /* Build configuration list for PBXNativeTarget "pinpintongTests" */ = {
			isa = XCConfigurationList;
			buildConfigurations = (
				324CE5621AB46B3C000013FC /* Debug */,
				324CE5631AB46B3C000013FC /* Release */,
			);
			defaultConfigurationIsVisible = 0;
		};
/* End XCConfigurationList section */
	};
	rootObject = 324CE5301AB46B3C000013FC /* Project object */;
}
